
Microsoft Visual Studio Solution File, Format Version 12.00
# Visual Studio Version 17
VisualStudioVersion = 17.6.33829.357
MinimumVisualStudioVersion = 10.0.40219.1
Project("{FAE04EC0-301F-11D3-BF4B-00C04F79EFBC}") = "ThemeToggler", "ThemeToggler\ThemeToggler.csproj", "{9287A057-26B8-4070-B305-C62E57543B7B}"
EndProject
Global
	GlobalSection(SolutionConfigurationPlatforms) = preSolution
		Debug|Any CPU = Debug|Any CPU
		Debug|arm64 = Debug|arm64
		Debug|x86 = Debug|x86
		Release|Any CPU = Release|Any CPU
		Release|arm64 = Release|arm64
		Release|x86 = Release|x86
	EndGlobalSection
	GlobalSection(ProjectConfigurationPlatforms) = postSolution
		{9287A057-26B8-4070-B305-C62E57543B7B}.Debug|Any CPU.ActiveCfg = Debug|Any CPU
		{9287A057-26B8-4070-B305-C62E57543B7B}.Debug|Any CPU.Build.0 = Debug|Any CPU
		{9287A057-26B8-4070-B305-C62E57543B7B}.Debug|arm64.ActiveCfg = Debug|arm64
		{9287A057-26B8-4070-B305-C62E57543B7B}.Debug|arm64.Build.0 = Debug|arm64
		{9287A057-26B8-4070-B305-C62E57543B7B}.Debug|x86.ActiveCfg = Debug|x86
		{9287A057-26B8-4070-B305-C62E57543B7B}.Debug|x86.Build.0 = Debug|x86
		{9287A057-26B8-4070-B305-C62E57543B7B}.Release|Any CPU.ActiveCfg = Release|Any CPU
		{9287A057-26B8-4070-B305-C62E57543B7B}.Release|Any CPU.Build.0 = Release|Any CPU
		{9287A057-26B8-4070-B305-C62E57543B7B}.Release|arm64.ActiveCfg = Release|arm64
		{9287A057-26B8-4070-B305-C62E57543B7B}.Release|arm64.Build.0 = Release|arm64
		{9287A057-26B8-4070-B305-C62E57543B7B}.Release|x86.ActiveCfg = Release|x86
		{9287A057-26B8-4070-B305-C62E57543B7B}.Release|x86.Build.0 = Release|x86
	EndGlobalSection
	GlobalSection(SolutionProperties) = preSolution
		HideSolutionNode = FALSE
	EndGlobalSection
	GlobalSection(ExtensibilityGlobals) = postSolution
		SolutionGuid = {D7F76CF8-8971-465E-9B52-878BC05FA338}
	EndGlobalSection
EndGlobal
